// !$*UTF8*$!
{
	archiveVersion = 1;
	classes = {
	};
	objectVersion = 56;
	objects = {

/* Begin PBXBuildFile section */
		28216D062A89EE88006AF2B2 /* ProgressHUD in Frameworks */ = {isa = PBXBuildFile; productRef = 28216D052A89EE88006AF2B2 /* ProgressHUD */; };
		2823320D2A85240600453C0C /* OAuth2Service+Extensions.swift in Sources */ = {isa = PBXBuildFile; fileRef = 2823320C2A85240600453C0C /* OAuth2Service+Extensions.swift */; };
		2823320F2A85244200453C0C /* URLRequest+Extensions.swift in Sources */ = {isa = PBXBuildFile; fileRef = 2823320E2A85244200453C0C /* URLRequest+Extensions.swift */; };
		282332112A85247500453C0C /* URLSession+Extensions.swift in Sources */ = {isa = PBXBuildFile; fileRef = 282332102A85247500453C0C /* URLSession+Extensions.swift */; };
		282B95AE2A98830200E0F95B /* ProfileResponse.swift in Sources */ = {isa = PBXBuildFile; fileRef = 282B95AD2A98830200E0F95B /* ProfileResponse.swift */; };
		282E2FB02A82174500274764 /* SplashViewController.swift in Sources */ = {isa = PBXBuildFile; fileRef = 282E2FAF2A82174500274764 /* SplashViewController.swift */; };
		2833016A2A531DC8000723F2 /* AppDelegate.swift in Sources */ = {isa = PBXBuildFile; fileRef = 283301692A531DC8000723F2 /* AppDelegate.swift */; };
		2833016C2A531DC8000723F2 /* SceneDelegate.swift in Sources */ = {isa = PBXBuildFile; fileRef = 2833016B2A531DC8000723F2 /* SceneDelegate.swift */; };
		2833016E2A531DC8000723F2 /* ImagesListViewController.swift in Sources */ = {isa = PBXBuildFile; fileRef = 2833016D2A531DC8000723F2 /* ImagesListViewController.swift */; };
		283301712A531DC8000723F2 /* Main.storyboard in Resources */ = {isa = PBXBuildFile; fileRef = 2833016F2A531DC8000723F2 /* Main.storyboard */; };
		283301732A531DCA000723F2 /* Assets.xcassets in Resources */ = {isa = PBXBuildFile; fileRef = 283301722A531DCA000723F2 /* Assets.xcassets */; };
		283301762A531DCA000723F2 /* LaunchScreen.storyboard in Resources */ = {isa = PBXBuildFile; fileRef = 283301742A531DCA000723F2 /* LaunchScreen.storyboard */; };
		28420A322A91E2A200EDE71B /* ProfileService.swift in Sources */ = {isa = PBXBuildFile; fileRef = 28420A312A91E2A200EDE71B /* ProfileService.swift */; };
		28420A342A925E9500EDE71B /* ProfileImageService.swift in Sources */ = {isa = PBXBuildFile; fileRef = 28420A332A925E9500EDE71B /* ProfileImageService.swift */; };
		28A412562A95E9CC007E7DB4 /* SwiftKeychainWrapper in Frameworks */ = {isa = PBXBuildFile; productRef = 28A412552A95E9CC007E7DB4 /* SwiftKeychainWrapper */; };
		28A412582A95F141007E7DB4 /* TabBarController.swift in Sources */ = {isa = PBXBuildFile; fileRef = 28A412572A95F141007E7DB4 /* TabBarController.swift */; };
		28B231182A5A8B1E007B8E4B /* ImagesListCell.swift in Sources */ = {isa = PBXBuildFile; fileRef = 28B231172A5A8B1D007B8E4B /* ImagesListCell.swift */; };
		28C27D722A8B4213007F633A /* UIBlockingProgressHUD.swift in Sources */ = {isa = PBXBuildFile; fileRef = 28C27D712A8B4213007F633A /* UIBlockingProgressHUD.swift */; };
		28C45BDF2A63D08C003E239A /* SingleImageViewController.swift in Sources */ = {isa = PBXBuildFile; fileRef = 28C45BDE2A63D08C003E239A /* SingleImageViewController.swift */; };
		28CA79E12A76054700CEB62E /* Constants.swift in Sources */ = {isa = PBXBuildFile; fileRef = 28CA79E02A76054700CEB62E /* Constants.swift */; };
		28CA79E32A76098500CEB62E /* AuthViewController.swift in Sources */ = {isa = PBXBuildFile; fileRef = 28CA79E22A76098500CEB62E /* AuthViewController.swift */; };
		28CA79E62A760A6B00CEB62E /* WebViewViewController.swift in Sources */ = {isa = PBXBuildFile; fileRef = 28CA79E52A760A6B00CEB62E /* WebViewViewController.swift */; };
		28D54BCF2A5BF65200F52F0D /* GradientView.swift in Sources */ = {isa = PBXBuildFile; fileRef = 28D54BCE2A5BF65200F52F0D /* GradientView.swift */; };
		28D6ECE32A77D92500EB957A /* OAuth2Service.swift in Sources */ = {isa = PBXBuildFile; fileRef = 28D6ECE22A77D92500EB957A /* OAuth2Service.swift */; };
		28D6ECE52A789ADC00EB957A /* OAuth2TokenStorage.swift in Sources */ = {isa = PBXBuildFile; fileRef = 28D6ECE42A789ADC00EB957A /* OAuth2TokenStorage.swift */; };
		28D74D642A9515B700DAE807 /* Kingfisher in Frameworks */ = {isa = PBXBuildFile; productRef = 28D74D632A9515B700DAE807 /* Kingfisher */; };
		28FEE81D2A61806B0041E679 /* ProfileViewController.swift in Sources */ = {isa = PBXBuildFile; fileRef = 28FEE81C2A61806B0041E679 /* ProfileViewController.swift */; };
/* End PBXBuildFile section */

/* Begin PBXFileReference section */
		2823320C2A85240600453C0C /* OAuth2Service+Extensions.swift */ = {isa = PBXFileReference; lastKnownFileType = sourcecode.swift; path = "OAuth2Service+Extensions.swift"; sourceTree = "<group>"; };
		2823320E2A85244200453C0C /* URLRequest+Extensions.swift */ = {isa = PBXFileReference; lastKnownFileType = sourcecode.swift; path = "URLRequest+Extensions.swift"; sourceTree = "<group>"; };
		282332102A85247500453C0C /* URLSession+Extensions.swift */ = {isa = PBXFileReference; lastKnownFileType = sourcecode.swift; path = "URLSession+Extensions.swift"; sourceTree = "<group>"; };
		282B95AD2A98830200E0F95B /* ProfileResponse.swift */ = {isa = PBXFileReference; lastKnownFileType = sourcecode.swift; path = ProfileResponse.swift; sourceTree = "<group>"; };
		282E2FAF2A82174500274764 /* SplashViewController.swift */ = {isa = PBXFileReference; lastKnownFileType = sourcecode.swift; path = SplashViewController.swift; sourceTree = "<group>"; };
		283301662A531DC8000723F2 /* ImageFeed.app */ = {isa = PBXFileReference; explicitFileType = wrapper.application; includeInIndex = 0; path = ImageFeed.app; sourceTree = BUILT_PRODUCTS_DIR; };
		283301692A531DC8000723F2 /* AppDelegate.swift */ = {isa = PBXFileReference; lastKnownFileType = sourcecode.swift; path = AppDelegate.swift; sourceTree = "<group>"; };
		2833016B2A531DC8000723F2 /* SceneDelegate.swift */ = {isa = PBXFileReference; lastKnownFileType = sourcecode.swift; path = SceneDelegate.swift; sourceTree = "<group>"; };
		2833016D2A531DC8000723F2 /* ImagesListViewController.swift */ = {isa = PBXFileReference; lastKnownFileType = sourcecode.swift; path = ImagesListViewController.swift; sourceTree = "<group>"; };
		283301702A531DC8000723F2 /* Base */ = {isa = PBXFileReference; lastKnownFileType = file.storyboard; name = Base; path = Base.lproj/Main.storyboard; sourceTree = "<group>"; };
		283301722A531DCA000723F2 /* Assets.xcassets */ = {isa = PBXFileReference; lastKnownFileType = folder.assetcatalog; path = Assets.xcassets; sourceTree = "<group>"; };
		283301752A531DCA000723F2 /* Base */ = {isa = PBXFileReference; lastKnownFileType = file.storyboard; name = Base; path = Base.lproj/LaunchScreen.storyboard; sourceTree = "<group>"; };
		283301772A531DCA000723F2 /* Info.plist */ = {isa = PBXFileReference; lastKnownFileType = text.plist.xml; path = Info.plist; sourceTree = "<group>"; };
		28420A312A91E2A200EDE71B /* ProfileService.swift */ = {isa = PBXFileReference; lastKnownFileType = sourcecode.swift; path = ProfileService.swift; sourceTree = "<group>"; };
		28420A332A925E9500EDE71B /* ProfileImageService.swift */ = {isa = PBXFileReference; lastKnownFileType = sourcecode.swift; path = ProfileImageService.swift; sourceTree = "<group>"; };
		28A412572A95F141007E7DB4 /* TabBarController.swift */ = {isa = PBXFileReference; lastKnownFileType = sourcecode.swift; path = TabBarController.swift; sourceTree = "<group>"; };
		28B231172A5A8B1D007B8E4B /* ImagesListCell.swift */ = {isa = PBXFileReference; lastKnownFileType = sourcecode.swift; path = ImagesListCell.swift; sourceTree = "<group>"; };
		28C27D712A8B4213007F633A /* UIBlockingProgressHUD.swift */ = {isa = PBXFileReference; lastKnownFileType = sourcecode.swift; path = UIBlockingProgressHUD.swift; sourceTree = "<group>"; };
		28C45BDE2A63D08C003E239A /* SingleImageViewController.swift */ = {isa = PBXFileReference; lastKnownFileType = sourcecode.swift; path = SingleImageViewController.swift; sourceTree = "<group>"; };
		28CA79E02A76054700CEB62E /* Constants.swift */ = {isa = PBXFileReference; lastKnownFileType = sourcecode.swift; path = Constants.swift; sourceTree = "<group>"; };
		28CA79E22A76098500CEB62E /* AuthViewController.swift */ = {isa = PBXFileReference; lastKnownFileType = sourcecode.swift; path = AuthViewController.swift; sourceTree = "<group>"; };
		28CA79E52A760A6B00CEB62E /* WebViewViewController.swift */ = {isa = PBXFileReference; lastKnownFileType = sourcecode.swift; path = WebViewViewController.swift; sourceTree = "<group>"; };
		28D54BCE2A5BF65200F52F0D /* GradientView.swift */ = {isa = PBXFileReference; lastKnownFileType = sourcecode.swift; path = GradientView.swift; sourceTree = "<group>"; };
		28D6ECE22A77D92500EB957A /* OAuth2Service.swift */ = {isa = PBXFileReference; lastKnownFileType = sourcecode.swift; path = OAuth2Service.swift; sourceTree = "<group>"; };
		28D6ECE42A789ADC00EB957A /* OAuth2TokenStorage.swift */ = {isa = PBXFileReference; lastKnownFileType = sourcecode.swift; path = OAuth2TokenStorage.swift; sourceTree = "<group>"; };
		28FEE81C2A61806B0041E679 /* ProfileViewController.swift */ = {isa = PBXFileReference; lastKnownFileType = sourcecode.swift; path = ProfileViewController.swift; sourceTree = "<group>"; };
/* End PBXFileReference section */

/* Begin PBXFrameworksBuildPhase section */
		283301632A531DC8000723F2 /* Frameworks */ = {
			isa = PBXFrameworksBuildPhase;
			buildActionMask = 2147483647;
			files = (
				28D74D642A9515B700DAE807 /* Kingfisher in Frameworks */,
				28216D062A89EE88006AF2B2 /* ProgressHUD in Frameworks */,
				28A412562A95E9CC007E7DB4 /* SwiftKeychainWrapper in Frameworks */,
			);
			runOnlyForDeploymentPostprocessing = 0;
		};
/* End PBXFrameworksBuildPhase section */

/* Begin PBXGroup section */
		2823320B2A8523D400453C0C /* Extensions */ = {
			isa = PBXGroup;
			children = (
				2823320C2A85240600453C0C /* OAuth2Service+Extensions.swift */,
				2823320E2A85244200453C0C /* URLRequest+Extensions.swift */,
				282332102A85247500453C0C /* URLSession+Extensions.swift */,
			);
			path = Extensions;
			sourceTree = "<group>";
		};
		2833015D2A531DC8000723F2 = {
			isa = PBXGroup;
			children = (
				283301682A531DC8000723F2 /* ImageFeed */,
				283301672A531DC8000723F2 /* Products */,
			);
			sourceTree = "<group>";
		};
		283301672A531DC8000723F2 /* Products */ = {
			isa = PBXGroup;
			children = (
				283301662A531DC8000723F2 /* ImageFeed.app */,
			);
			name = Products;
			sourceTree = "<group>";
		};
		283301682A531DC8000723F2 /* ImageFeed */ = {
			isa = PBXGroup;
			children = (
				2823320B2A8523D400453C0C /* Extensions */,
				28CA79E42A7609E400CEB62E /* Auth */,
				28B231192A5A8B38007B8E4B /* ImagesList */,
				283301692A531DC8000723F2 /* AppDelegate.swift */,
				28CA79E02A76054700CEB62E /* Constants.swift */,
				2833016B2A531DC8000723F2 /* SceneDelegate.swift */,
				28C45BDE2A63D08C003E239A /* SingleImageViewController.swift */,
				282E2FAF2A82174500274764 /* SplashViewController.swift */,
				28A412572A95F141007E7DB4 /* TabBarController.swift */,
				28420A312A91E2A200EDE71B /* ProfileService.swift */,
				282B95AD2A98830200E0F95B /* ProfileResponse.swift */,
				28420A332A925E9500EDE71B /* ProfileImageService.swift */,
				28FEE81C2A61806B0041E679 /* ProfileViewController.swift */,
				28C27D712A8B4213007F633A /* UIBlockingProgressHUD.swift */,
				283301722A531DCA000723F2 /* Assets.xcassets */,
				283301742A531DCA000723F2 /* LaunchScreen.storyboard */,
				2833016F2A531DC8000723F2 /* Main.storyboard */,
				283301772A531DCA000723F2 /* Info.plist */,
			);
			path = ImageFeed;
			sourceTree = "<group>";
		};
		28B231192A5A8B38007B8E4B /* ImagesList */ = {
			isa = PBXGroup;
			children = (
				28D54BCE2A5BF65200F52F0D /* GradientView.swift */,
				28B231172A5A8B1D007B8E4B /* ImagesListCell.swift */,
				2833016D2A531DC8000723F2 /* ImagesListViewController.swift */,
			);
			path = ImagesList;
			sourceTree = "<group>";
		};
		28CA79E42A7609E400CEB62E /* Auth */ = {
			isa = PBXGroup;
			children = (
				28CA79E22A76098500CEB62E /* AuthViewController.swift */,
				28CA79E52A760A6B00CEB62E /* WebViewViewController.swift */,
				28D6ECE22A77D92500EB957A /* OAuth2Service.swift */,
				28D6ECE42A789ADC00EB957A /* OAuth2TokenStorage.swift */,
			);
			path = Auth;
			sourceTree = "<group>";
		};
/* End PBXGroup section */

/* Begin PBXNativeTarget section */
		283301652A531DC8000723F2 /* ImageFeed */ = {
			isa = PBXNativeTarget;
			buildConfigurationList = 2833017A2A531DCA000723F2 /* Build configuration list for PBXNativeTarget "ImageFeed" */;
			buildPhases = (
				283301622A531DC8000723F2 /* Sources */,
				283301632A531DC8000723F2 /* Frameworks */,
				283301642A531DC8000723F2 /* Resources */,
			);
			buildRules = (
			);
			dependencies = (
			);
			name = ImageFeed;
			packageProductDependencies = (
				28216D052A89EE88006AF2B2 /* ProgressHUD */,
				28D74D632A9515B700DAE807 /* Kingfisher */,
				28A412552A95E9CC007E7DB4 /* SwiftKeychainWrapper */,
			);
			productName = ImageFeed;
			productReference = 283301662A531DC8000723F2 /* ImageFeed.app */;
			productType = "com.apple.product-type.application";
		};
/* End PBXNativeTarget section */

/* Begin PBXProject section */
		2833015E2A531DC8000723F2 /* Project object */ = {
			isa = PBXProject;
			attributes = {
				BuildIndependentTargetsInParallel = 1;
				LastSwiftUpdateCheck = 1430;
				LastUpgradeCheck = 1430;
				TargetAttributes = {
					283301652A531DC8000723F2 = {
						CreatedOnToolsVersion = 14.3.1;
					};
				};
			};
			buildConfigurationList = 283301612A531DC8000723F2 /* Build configuration list for PBXProject "ImageFeed" */;
			compatibilityVersion = "Xcode 14.0";
			developmentRegion = en;
			hasScannedForEncodings = 0;
			knownRegions = (
				en,
				Base,
			);
			mainGroup = 2833015D2A531DC8000723F2;
			packageReferences = (
				28216D042A89EE88006AF2B2 /* XCRemoteSwiftPackageReference "ProgressHUD" */,
				28D74D622A9515B700DAE807 /* XCRemoteSwiftPackageReference "Kingfisher" */,
				28A412542A95E9CC007E7DB4 /* XCRemoteSwiftPackageReference "SwiftKeychainWrapper" */,
			);
			productRefGroup = 283301672A531DC8000723F2 /* Products */;
			projectDirPath = "";
			projectRoot = "";
			targets = (
				283301652A531DC8000723F2 /* ImageFeed */,
			);
		};
/* End PBXProject section */

/* Begin PBXResourcesBuildPhase section */
		283301642A531DC8000723F2 /* Resources */ = {
			isa = PBXResourcesBuildPhase;
			buildActionMask = 2147483647;
			files = (
				283301762A531DCA000723F2 /* LaunchScreen.storyboard in Resources */,
				283301732A531DCA000723F2 /* Assets.xcassets in Resources */,
				283301712A531DC8000723F2 /* Main.storyboard in Resources */,
			);
			runOnlyForDeploymentPostprocessing = 0;
		};
/* End PBXResourcesBuildPhase section */

/* Begin PBXSourcesBuildPhase section */
		283301622A531DC8000723F2 /* Sources */ = {
			isa = PBXSourcesBuildPhase;
			buildActionMask = 2147483647;
			files = (
				28D6ECE52A789ADC00EB957A /* OAuth2TokenStorage.swift in Sources */,
				28CA79E62A760A6B00CEB62E /* WebViewViewController.swift in Sources */,
				2833016E2A531DC8000723F2 /* ImagesListViewController.swift in Sources */,
				2833016A2A531DC8000723F2 /* AppDelegate.swift in Sources */,
				2823320D2A85240600453C0C /* OAuth2Service+Extensions.swift in Sources */,
				2833016C2A531DC8000723F2 /* SceneDelegate.swift in Sources */,
				28D6ECE32A77D92500EB957A /* OAuth2Service.swift in Sources */,
				282E2FB02A82174500274764 /* SplashViewController.swift in Sources */,
				282332112A85247500453C0C /* URLSession+Extensions.swift in Sources */,
				28C45BDF2A63D08C003E239A /* SingleImageViewController.swift in Sources */,
				2823320F2A85244200453C0C /* URLRequest+Extensions.swift in Sources */,
				282B95AE2A98830200E0F95B /* ProfileResponse.swift in Sources */,
				28420A342A925E9500EDE71B /* ProfileImageService.swift in Sources */,
				28420A322A91E2A200EDE71B /* ProfileService.swift in Sources */,
				28A412582A95F141007E7DB4 /* TabBarController.swift in Sources */,
				28CA79E32A76098500CEB62E /* AuthViewController.swift in Sources */,
				28FEE81D2A61806B0041E679 /* ProfileViewController.swift in Sources */,
				28D54BCF2A5BF65200F52F0D /* GradientView.swift in Sources */,
				28B231182A5A8B1E007B8E4B /* ImagesListCell.swift in Sources */,
				28CA79E12A76054700CEB62E /* Constants.swift in Sources */,
				28C27D722A8B4213007F633A /* UIBlockingProgressHUD.swift in Sources */,
			);
			runOnlyForDeploymentPostprocessing = 0;
		};
/* End PBXSourcesBuildPhase section */

/* Begin PBXVariantGroup section */
		2833016F2A531DC8000723F2 /* Main.storyboard */ = {
			isa = PBXVariantGroup;
			children = (
				283301702A531DC8000723F2 /* Base */,
			);
			name = Main.storyboard;
			sourceTree = "<group>";
		};
		283301742A531DCA000723F2 /* LaunchScreen.storyboard */ = {
			isa = PBXVariantGroup;
			children = (
				283301752A531DCA000723F2 /* Base */,
			);
			name = LaunchScreen.storyboard;
			sourceTree = "<group>";
		};
/* End PBXVariantGroup section */

/* Begin XCBuildConfiguration section */
		283301782A531DCA000723F2 /* Debug */ = {
			isa = XCBuildConfiguration;
			buildSettings = {
				ALWAYS_SEARCH_USER_PATHS = NO;
				CLANG_ANALYZER_NONNULL = YES;
				CLANG_ANALYZER_NUMBER_OBJECT_CONVERSION = YES_AGGRESSIVE;
				CLANG_CXX_LANGUAGE_STANDARD = "gnu++20";
				CLANG_ENABLE_MODULES = YES;
				CLANG_ENABLE_OBJC_ARC = YES;
				CLANG_ENABLE_OBJC_WEAK = YES;
				CLANG_WARN_BLOCK_CAPTURE_AUTORELEASING = YES;
				CLANG_WARN_BOOL_CONVERSION = YES;
				CLANG_WARN_COMMA = YES;
				CLANG_WARN_CONSTANT_CONVERSION = YES;
				CLANG_WARN_DEPRECATED_OBJC_IMPLEMENTATIONS = YES;
				CLANG_WARN_DIRECT_OBJC_ISA_USAGE = YES_ERROR;
				CLANG_WARN_DOCUMENTATION_COMMENTS = YES;
				CLANG_WARN_EMPTY_BODY = YES;
				CLANG_WARN_ENUM_CONVERSION = YES;
				CLANG_WARN_INFINITE_RECURSION = YES;
				CLANG_WARN_INT_CONVERSION = YES;
				CLANG_WARN_NON_LITERAL_NULL_CONVERSION = YES;
				CLANG_WARN_OBJC_IMPLICIT_RETAIN_SELF = YES;
				CLANG_WARN_OBJC_LITERAL_CONVERSION = YES;
				CLANG_WARN_OBJC_ROOT_CLASS = YES_ERROR;
				CLANG_WARN_QUOTED_INCLUDE_IN_FRAMEWORK_HEADER = YES;
				CLANG_WARN_RANGE_LOOP_ANALYSIS = YES;
				CLANG_WARN_STRICT_PROTOTYPES = YES;
				CLANG_WARN_SUSPICIOUS_MOVE = YES;
				CLANG_WARN_UNGUARDED_AVAILABILITY = YES_AGGRESSIVE;
				CLANG_WARN_UNREACHABLE_CODE = YES;
				CLANG_WARN__DUPLICATE_METHOD_MATCH = YES;
				COPY_PHASE_STRIP = NO;
				DEBUG_INFORMATION_FORMAT = dwarf;
				ENABLE_STRICT_OBJC_MSGSEND = YES;
				ENABLE_TESTABILITY = YES;
				GCC_C_LANGUAGE_STANDARD = gnu11;
				GCC_DYNAMIC_NO_PIC = NO;
				GCC_NO_COMMON_BLOCKS = YES;
				GCC_OPTIMIZATION_LEVEL = 0;
				GCC_PREPROCESSOR_DEFINITIONS = (
					"DEBUG=1",
					"$(inherited)",
				);
				GCC_WARN_64_TO_32_BIT_CONVERSION = YES;
				GCC_WARN_ABOUT_RETURN_TYPE = YES_ERROR;
				GCC_WARN_UNDECLARED_SELECTOR = YES;
				GCC_WARN_UNINITIALIZED_AUTOS = YES_AGGRESSIVE;
				GCC_WARN_UNUSED_FUNCTION = YES;
				GCC_WARN_UNUSED_VARIABLE = YES;
				IPHONEOS_DEPLOYMENT_TARGET = 13.0;
				MTL_ENABLE_DEBUG_INFO = INCLUDE_SOURCE;
				MTL_FAST_MATH = YES;
				ONLY_ACTIVE_ARCH = YES;
				SDKROOT = iphoneos;
				SWIFT_ACTIVE_COMPILATION_CONDITIONS = DEBUG;
				SWIFT_OPTIMIZATION_LEVEL = "-Onone";
			};
			name = Debug;
		};
		283301792A531DCA000723F2 /* Release */ = {
			isa = XCBuildConfiguration;
			buildSettings = {
				ALWAYS_SEARCH_USER_PATHS = NO;
				CLANG_ANALYZER_NONNULL = YES;
				CLANG_ANALYZER_NUMBER_OBJECT_CONVERSION = YES_AGGRESSIVE;
				CLANG_CXX_LANGUAGE_STANDARD = "gnu++20";
				CLANG_ENABLE_MODULES = YES;
				CLANG_ENABLE_OBJC_ARC = YES;
				CLANG_ENABLE_OBJC_WEAK = YES;
				CLANG_WARN_BLOCK_CAPTURE_AUTORELEASING = YES;
				CLANG_WARN_BOOL_CONVERSION = YES;
				CLANG_WARN_COMMA = YES;
				CLANG_WARN_CONSTANT_CONVERSION = YES;
				CLANG_WARN_DEPRECATED_OBJC_IMPLEMENTATIONS = YES;
				CLANG_WARN_DIRECT_OBJC_ISA_USAGE = YES_ERROR;
				CLANG_WARN_DOCUMENTATION_COMMENTS = YES;
				CLANG_WARN_EMPTY_BODY = YES;
				CLANG_WARN_ENUM_CONVERSION = YES;
				CLANG_WARN_INFINITE_RECURSION = YES;
				CLANG_WARN_INT_CONVERSION = YES;
				CLANG_WARN_NON_LITERAL_NULL_CONVERSION = YES;
				CLANG_WARN_OBJC_IMPLICIT_RETAIN_SELF = YES;
				CLANG_WARN_OBJC_LITERAL_CONVERSION = YES;
				CLANG_WARN_OBJC_ROOT_CLASS = YES_ERROR;
				CLANG_WARN_QUOTED_INCLUDE_IN_FRAMEWORK_HEADER = YES;
				CLANG_WARN_RANGE_LOOP_ANALYSIS = YES;
				CLANG_WARN_STRICT_PROTOTYPES = YES;
				CLANG_WARN_SUSPICIOUS_MOVE = YES;
				CLANG_WARN_UNGUARDED_AVAILABILITY = YES_AGGRESSIVE;
				CLANG_WARN_UNREACHABLE_CODE = YES;
				CLANG_WARN__DUPLICATE_METHOD_MATCH = YES;
				COPY_PHASE_STRIP = NO;
				DEBUG_INFORMATION_FORMAT = "dwarf-with-dsym";
				ENABLE_NS_ASSERTIONS = NO;
				ENABLE_STRICT_OBJC_MSGSEND = YES;
				GCC_C_LANGUAGE_STANDARD = gnu11;
				GCC_NO_COMMON_BLOCKS = YES;
				GCC_WARN_64_TO_32_BIT_CONVERSION = YES;
				GCC_WARN_ABOUT_RETURN_TYPE = YES_ERROR;
				GCC_WARN_UNDECLARED_SELECTOR = YES;
				GCC_WARN_UNINITIALIZED_AUTOS = YES_AGGRESSIVE;
				GCC_WARN_UNUSED_FUNCTION = YES;
				GCC_WARN_UNUSED_VARIABLE = YES;
				IPHONEOS_DEPLOYMENT_TARGET = 13.0;
				MTL_ENABLE_DEBUG_INFO = NO;
				MTL_FAST_MATH = YES;
				SDKROOT = iphoneos;
				SWIFT_COMPILATION_MODE = wholemodule;
				SWIFT_OPTIMIZATION_LEVEL = "-O";
				VALIDATE_PRODUCT = YES;
			};
			name = Release;
		};
		2833017B2A531DCA000723F2 /* Debug */ = {
			isa = XCBuildConfiguration;
			buildSettings = {
				ASSETCATALOG_COMPILER_APPICON_NAME = AppIcon;
				ASSETCATALOG_COMPILER_GLOBAL_ACCENT_COLOR_NAME = AccentColor;
				CODE_SIGN_STYLE = Automatic;
				CURRENT_PROJECT_VERSION = 1;
				DEVELOPMENT_TEAM = 4BM3ADZYBG;
				GENERATE_INFOPLIST_FILE = YES;
				INFOPLIST_FILE = ImageFeed/Info.plist;
				INFOPLIST_KEY_UIApplicationSupportsIndirectInputEvents = YES;
				INFOPLIST_KEY_UILaunchStoryboardName = LaunchScreen;
				INFOPLIST_KEY_UIMainStoryboardFile = Main;
				INFOPLIST_KEY_UIStatusBarStyle = UIStatusBarStyleLightContent;
				INFOPLIST_KEY_UISupportedInterfaceOrientations = UIInterfaceOrientationPortrait;
				IPHONEOS_DEPLOYMENT_TARGET = 13.0;
				LD_RUNPATH_SEARCH_PATHS = (
					"$(inherited)",
					"@executable_path/Frameworks",
				);
				MARKETING_VERSION = 1.0;
				PRODUCT_BUNDLE_IDENTIFIER = dsiberia9s.ImageFeed;
				PRODUCT_NAME = "$(TARGET_NAME)";
				SUPPORTED_PLATFORMS = "iphoneos iphonesimulator";
				SUPPORTS_MACCATALYST = NO;
				SUPPORTS_MAC_DESIGNED_FOR_IPHONE_IPAD = NO;
				SWIFT_EMIT_LOC_STRINGS = YES;
				SWIFT_VERSION = 5.0;
				TARGETED_DEVICE_FAMILY = 1;
			};
			name = Debug;
		};
		2833017C2A531DCA000723F2 /* Release */ = {
			isa = XCBuildConfiguration;
			buildSettings = {
				ASSETCATALOG_COMPILER_APPICON_NAME = AppIcon;
				ASSETCATALOG_COMPILER_GLOBAL_ACCENT_COLOR_NAME = AccentColor;
				CODE_SIGN_STYLE = Automatic;
				CURRENT_PROJECT_VERSION = 1;
				DEVELOPMENT_TEAM = 4BM3ADZYBG;
				GENERATE_INFOPLIST_FILE = YES;
				INFOPLIST_FILE = ImageFeed/Info.plist;
				INFOPLIST_KEY_UIApplicationSupportsIndirectInputEvents = YES;
				INFOPLIST_KEY_UILaunchStoryboardName = LaunchScreen;
				INFOPLIST_KEY_UIMainStoryboardFile = Main;
				INFOPLIST_KEY_UIStatusBarStyle = UIStatusBarStyleLightContent;
				INFOPLIST_KEY_UISupportedInterfaceOrientations = UIInterfaceOrientationPortrait;
				IPHONEOS_DEPLOYMENT_TARGET = 13.0;
				LD_RUNPATH_SEARCH_PATHS = (
					"$(inherited)",
					"@executable_path/Frameworks",
				);
				MARKETING_VERSION = 1.0;
				PRODUCT_BUNDLE_IDENTIFIER = dsiberia9s.ImageFeed;
				PRODUCT_NAME = "$(TARGET_NAME)";
				SUPPORTED_PLATFORMS = "iphoneos iphonesimulator";
				SUPPORTS_MACCATALYST = NO;
				SUPPORTS_MAC_DESIGNED_FOR_IPHONE_IPAD = NO;
				SWIFT_EMIT_LOC_STRINGS = YES;
				SWIFT_VERSION = 5.0;
				TARGETED_DEVICE_FAMILY = 1;
			};
			name = Release;
		};
/* End XCBuildConfiguration section */

/* Begin XCConfigurationList section */
		283301612A531DC8000723F2 /* Build configuration list for PBXProject "ImageFeed" */ = {
			isa = XCConfigurationList;
			buildConfigurations = (
				283301782A531DCA000723F2 /* Debug */,
				283301792A531DCA000723F2 /* Release */,
			);
			defaultConfigurationIsVisible = 0;
			defaultConfigurationName = Release;
		};
		2833017A2A531DCA000723F2 /* Build configuration list for PBXNativeTarget "ImageFeed" */ = {
			isa = XCConfigurationList;
			buildConfigurations = (
				2833017B2A531DCA000723F2 /* Debug */,
				2833017C2A531DCA000723F2 /* Release */,
			);
			defaultConfigurationIsVisible = 0;
			defaultConfigurationName = Release;
		};
/* End XCConfigurationList section */

/* Begin XCRemoteSwiftPackageReference section */
		28216D042A89EE88006AF2B2 /* XCRemoteSwiftPackageReference "ProgressHUD" */ = {
			isa = XCRemoteSwiftPackageReference;
			repositoryURL = "https://github.com/relatedcode/ProgressHUD";
			requirement = {
				kind = upToNextMajorVersion;
				minimumVersion = 13.0.0;
			};
		};
		28A412542A95E9CC007E7DB4 /* XCRemoteSwiftPackageReference "SwiftKeychainWrapper" */ = {
			isa = XCRemoteSwiftPackageReference;
			repositoryURL = "https://github.com/jrendel/SwiftKeychainWrapper";
			requirement = {
				kind = upToNextMajorVersion;
				minimumVersion = 4.0.0;
			};
		};
		28D74D622A9515B700DAE807 /* XCRemoteSwiftPackageReference "Kingfisher" */ = {
			isa = XCRemoteSwiftPackageReference;
			repositoryURL = "https://github.com/onevcat/Kingfisher.git";
			requirement = {
				kind = upToNextMajorVersion;
				minimumVersion = 7.0.0;
			};
		};
/* End XCRemoteSwiftPackageReference section */

/* Begin XCSwiftPackageProductDependency section */
		28216D052A89EE88006AF2B2 /* ProgressHUD */ = {
			isa = XCSwiftPackageProductDependency;
			package = 28216D042A89EE88006AF2B2 /* XCRemoteSwiftPackageReference "ProgressHUD" */;
			productName = ProgressHUD;
		};
		28A412552A95E9CC007E7DB4 /* SwiftKeychainWrapper */ = {
			isa = XCSwiftPackageProductDependency;
			package = 28A412542A95E9CC007E7DB4 /* XCRemoteSwiftPackageReference "SwiftKeychainWrapper" */;
			productName = SwiftKeychainWrapper;
		};
		28D74D632A9515B700DAE807 /* Kingfisher */ = {
			isa = XCSwiftPackageProductDependency;
			package = 28D74D622A9515B700DAE807 /* XCRemoteSwiftPackageReference "Kingfisher" */;
			productName = Kingfisher;
		};
/* End XCSwiftPackageProductDependency section */
	};
	rootObject = 2833015E2A531DC8000723F2 /* Project object */;
}
